
Microsoft Visual Studio Solution File, Format Version 12.00
# Visual Studio Version 17
VisualStudioVersion = 17.2.32616.157
MinimumVisualStudioVersion = 10.0.40219.1
Project("{8BC9CEB8-8B4A-11D0-8D11-00A0C91BC942}") = "Roman_Integer converter", "Roman_Integer converter\Roman_Integer converter.vcxproj", "{569484D4-43D1-432C-B4E0-690C03742F9E}"
EndProject
Global
	GlobalSection(SolutionConfigurationPlatforms) = preSolution
		Debug|x64 = Debug|x64
		Debug|x86 = Debug|x86
		Release|x64 = Release|x64
		Release|x86 = Release|x86
	EndGlobalSection
	GlobalSection(ProjectConfigurationPlatforms) = postSolution
		{569484D4-43D1-432C-B4E0-690C03742F9E}.Debug|x64.ActiveCfg = Debug|x64
		{569484D4-43D1-432C-B4E0-690C03742F9E}.Debug|x64.Build.0 = Debug|x64
		{569484D4-43D1-432C-B4E0-690C03742F9E}.Debug|x86.ActiveCfg = Debug|Win32
		{569484D4-43D1-432C-B4E0-690C03742F9E}.Debug|x86.Build.0 = Debug|Win32
		{569484D4-43D1-432C-B4E0-690C03742F9E}.Release|x64.ActiveCfg = Release|x64
		{569484D4-43D1-432C-B4E0-690C03742F9E}.Release|x64.Build.0 = Release|x64
		{569484D4-43D1-432C-B4E0-690C03742F9E}.Release|x86.ActiveCfg = Release|Win32
		{569484D4-43D1-432C-B4E0-690C03742F9E}.Release|x86.Build.0 = Release|Win32
	EndGlobalSection
	GlobalSection(SolutionProperties) = preSolution
		HideSolutionNode = FALSE
	EndGlobalSection
	GlobalSection(ExtensibilityGlobals) = postSolution
		SolutionGuid = {39DDAE7F-3058-4276-8E41-5FC561EA39EF}
	EndGlobalSection
EndGlobal
